// !$*UTF8*$!
{
	archiveVersion = 1;
	classes = {
	};
	objectVersion = 56;
	objects = {

/* Begin PBXBuildFile section */
		41239E8B28F840EA00D92C31 /* AppDelegate.swift in Sources */ = {isa = PBXBuildFile; fileRef = 41239E8A28F840EA00D92C31 /* AppDelegate.swift */; };
		41239E8D28F840EA00D92C31 /* SceneDelegate.swift in Sources */ = {isa = PBXBuildFile; fileRef = 41239E8C28F840EA00D92C31 /* SceneDelegate.swift */; };
		41239E8F28F840EA00D92C31 /* ViewController.swift in Sources */ = {isa = PBXBuildFile; fileRef = 41239E8E28F840EA00D92C31 /* ViewController.swift */; };
		41239E9228F840EA00D92C31 /* Main.storyboard in Resources */ = {isa = PBXBuildFile; fileRef = 41239E9028F840EA00D92C31 /* Main.storyboard */; };
		41239E9528F840EB00D92C31 /* AppNotifica.xcdatamodeld in Sources */ = {isa = PBXBuildFile; fileRef = 41239E9328F840EB00D92C31 /* AppNotifica.xcdatamodeld */; };
		41239E9728F840ED00D92C31 /* Assets.xcassets in Resources */ = {isa = PBXBuildFile; fileRef = 41239E9628F840ED00D92C31 /* Assets.xcassets */; };
		41239E9A28F840ED00D92C31 /* LaunchScreen.storyboard in Resources */ = {isa = PBXBuildFile; fileRef = 41239E9828F840ED00D92C31 /* LaunchScreen.storyboard */; };
		41239EA528F840EE00D92C31 /* AppNotificaTests.swift in Sources */ = {isa = PBXBuildFile; fileRef = 41239EA428F840EE00D92C31 /* AppNotificaTests.swift */; };
		41239EAF28F840EE00D92C31 /* AppNotificaUITests.swift in Sources */ = {isa = PBXBuildFile; fileRef = 41239EAE28F840EE00D92C31 /* AppNotificaUITests.swift */; };
		41239EB128F840EE00D92C31 /* AppNotificaUITestsLaunchTests.swift in Sources */ = {isa = PBXBuildFile; fileRef = 41239EB028F840EE00D92C31 /* AppNotificaUITestsLaunchTests.swift */; };
		C05CEA2A2AFE5ED900C12B50 /* LoginView.swift in Sources */ = {isa = PBXBuildFile; fileRef = C05CEA292AFE5ED700C12B50 /* LoginView.swift */; };
		C05CEA2E2AFE61AF00C12B50 /* LoginViewController.swift in Sources */ = {isa = PBXBuildFile; fileRef = C05CEA2D2AFE61AF00C12B50 /* LoginViewController.swift */; };
		C05CEA302AFE650200C12B50 /* Coordinator.swift in Sources */ = {isa = PBXBuildFile; fileRef = C05CEA2F2AFE650200C12B50 /* Coordinator.swift */; };
		C05CEA322AFE658600C12B50 /* LoginCoordinator.swift in Sources */ = {isa = PBXBuildFile; fileRef = C05CEA312AFE658600C12B50 /* LoginCoordinator.swift */; };
		C05CEA362AFE67BD00C12B50 /* logo-launch-screen@2x.png in Resources */ = {isa = PBXBuildFile; fileRef = C05CEA352AFE67BD00C12B50 /* logo-launch-screen@2x.png */; };
		C0CEA17C2B10D03B000349D3 /* UIColor+.swift in Sources */ = {isa = PBXBuildFile; fileRef = C0CEA17B2B10D03B000349D3 /* UIColor+.swift */; };
		C0CEA1802B10D06F000349D3 /* LabelDefault.swift in Sources */ = {isa = PBXBuildFile; fileRef = C0CEA17F2B10D06F000349D3 /* LabelDefault.swift */; };
		C0CEA1822B10D080000349D3 /* TextFieldDefault.swift in Sources */ = {isa = PBXBuildFile; fileRef = C0CEA1812B10D080000349D3 /* TextFieldDefault.swift */; };
		C0CEA1842B10D08C000349D3 /* ButtonDefault.swift in Sources */ = {isa = PBXBuildFile; fileRef = C0CEA1832B10D08C000349D3 /* ButtonDefault.swift */; };
		C0CEA1862B10D097000349D3 /* ImageDefault.swift in Sources */ = {isa = PBXBuildFile; fileRef = C0CEA1852B10D097000349D3 /* ImageDefault.swift */; };
		C0CEA18A2B10D11B000349D3 /* RegisterView.swift in Sources */ = {isa = PBXBuildFile; fileRef = C0CEA1892B10D11B000349D3 /* RegisterView.swift */; };
		C0CEA18C2B10D137000349D3 /* RegisterViewController.swift in Sources */ = {isa = PBXBuildFile; fileRef = C0CEA18B2B10D137000349D3 /* RegisterViewController.swift */; };
		C0CEA18E2B10D18F000349D3 /* RegisterCoordinator.swift in Sources */ = {isa = PBXBuildFile; fileRef = C0CEA18D2B10D18F000349D3 /* RegisterCoordinator.swift */; };
		C0CEA1912B10DD43000349D3 /* HomeView.swift in Sources */ = {isa = PBXBuildFile; fileRef = C0CEA1902B10DD43000349D3 /* HomeView.swift */; };
		C0CEA1932B10DD57000349D3 /* HomeViewController.swift in Sources */ = {isa = PBXBuildFile; fileRef = C0CEA1922B10DD57000349D3 /* HomeViewController.swift */; };
		C0CEA1952B10DD84000349D3 /* HomeCoordinator.swift in Sources */ = {isa = PBXBuildFile; fileRef = C0CEA1942B10DD84000349D3 /* HomeCoordinator.swift */; };
		C0CEA1992B176DBA000349D3 /* ViewControllerDefault.swift in Sources */ = {isa = PBXBuildFile; fileRef = C0CEA1982B176DBA000349D3 /* ViewControllerDefault.swift */; };
		C0CEA19B2B177064000349D3 /* ViewDefault.swift in Sources */ = {isa = PBXBuildFile; fileRef = C0CEA19A2B177064000349D3 /* ViewDefault.swift */; };
		C0CEA1A02B177DF6000349D3 /* TabBarController.swift in Sources */ = {isa = PBXBuildFile; fileRef = C0CEA19F2B177DF6000349D3 /* TabBarController.swift */; };
		C0CEA1A22B177E0D000349D3 /* SobreView.swift in Sources */ = {isa = PBXBuildFile; fileRef = C0CEA1A12B177E0D000349D3 /* SobreView.swift */; };
		C0CEA1A42B177E20000349D3 /* NovaOcorrenciaView.swift in Sources */ = {isa = PBXBuildFile; fileRef = C0CEA1A32B177E20000349D3 /* NovaOcorrenciaView.swift */; };
		C0CEA1A62B177E39000349D3 /* NovaOcorrenciaViewController.swift in Sources */ = {isa = PBXBuildFile; fileRef = C0CEA1A52B177E39000349D3 /* NovaOcorrenciaViewController.swift */; };
		C0CEA1A82B177E47000349D3 /* SobreViewController.swift in Sources */ = {isa = PBXBuildFile; fileRef = C0CEA1A72B177E47000349D3 /* SobreViewController.swift */; };
		C0CEA1AA2B177E5C000349D3 /* TabBarCoordinator.swift in Sources */ = {isa = PBXBuildFile; fileRef = C0CEA1A92B177E5C000349D3 /* TabBarCoordinator.swift */; };
		C0CEA1AC2B177E68000349D3 /* SobreCoordinator.swift in Sources */ = {isa = PBXBuildFile; fileRef = C0CEA1AB2B177E68000349D3 /* SobreCoordinator.swift */; };
		C0CEA1AE2B177E7B000349D3 /* NovaOcorrenciaCoordinator.swift in Sources */ = {isa = PBXBuildFile; fileRef = C0CEA1AD2B177E7B000349D3 /* NovaOcorrenciaCoordinator.swift */; };
		C0CEA1B02B1E12DA000349D3 /* EscolherImagem.swift in Sources */ = {isa = PBXBuildFile; fileRef = C0CEA1AF2B1E12DA000349D3 /* EscolherImagem.swift */; };
		C0CEA1B22B20AA5B000349D3 /* HomeViewModel.swift in Sources */ = {isa = PBXBuildFile; fileRef = C0CEA1B12B20AA5A000349D3 /* HomeViewModel.swift */; };
		C0CEA1B42B20AAAB000349D3 /* NovaOcorrenciaViewModel.swift in Sources */ = {isa = PBXBuildFile; fileRef = C0CEA1B32B20AAAB000349D3 /* NovaOcorrenciaViewModel.swift */; };
		C0CEA1F92B2736E1000349D3 /* Ocorrencia.swift in Sources */ = {isa = PBXBuildFile; fileRef = C0CEA1F82B2736E1000349D3 /* Ocorrencia.swift */; };
		C0CEA1FB2B273F57000349D3 /* DataManager.swift in Sources */ = {isa = PBXBuildFile; fileRef = C0CEA1FA2B273F57000349D3 /* DataManager.swift */; };
/* End PBXBuildFile section */

/* Begin PBXContainerItemProxy section */
		41239EA128F840EE00D92C31 /* PBXContainerItemProxy */ = {
			isa = PBXContainerItemProxy;
			containerPortal = 41239E7F28F840EA00D92C31 /* Project object */;
			proxyType = 1;
			remoteGlobalIDString = 41239E8628F840EA00D92C31;
			remoteInfo = AppNotifica;
		};
		41239EAB28F840EE00D92C31 /* PBXContainerItemProxy */ = {
			isa = PBXContainerItemProxy;
			containerPortal = 41239E7F28F840EA00D92C31 /* Project object */;
			proxyType = 1;
			remoteGlobalIDString = 41239E8628F840EA00D92C31;
			remoteInfo = AppNotifica;
		};
/* End PBXContainerItemProxy section */

/* Begin PBXFileReference section */
		41239E8728F840EA00D92C31 /* AppNotifica.app */ = {isa = PBXFileReference; explicitFileType = wrapper.application; includeInIndex = 0; path = AppNotifica.app; sourceTree = BUILT_PRODUCTS_DIR; };
		41239E8A28F840EA00D92C31 /* AppDelegate.swift */ = {isa = PBXFileReference; lastKnownFileType = sourcecode.swift; path = AppDelegate.swift; sourceTree = "<group>"; };
		41239E8C28F840EA00D92C31 /* SceneDelegate.swift */ = {isa = PBXFileReference; lastKnownFileType = sourcecode.swift; path = SceneDelegate.swift; sourceTree = "<group>"; };
		41239E8E28F840EA00D92C31 /* ViewController.swift */ = {isa = PBXFileReference; lastKnownFileType = sourcecode.swift; path = ViewController.swift; sourceTree = "<group>"; };
		41239E9128F840EA00D92C31 /* Base */ = {isa = PBXFileReference; lastKnownFileType = file.storyboard; name = Base; path = Base.lproj/Main.storyboard; sourceTree = "<group>"; };
		41239E9428F840EB00D92C31 /* AppNotifica.xcdatamodel */ = {isa = PBXFileReference; lastKnownFileType = wrapper.xcdatamodel; path = AppNotifica.xcdatamodel; sourceTree = "<group>"; };
		41239E9628F840ED00D92C31 /* Assets.xcassets */ = {isa = PBXFileReference; lastKnownFileType = folder.assetcatalog; path = Assets.xcassets; sourceTree = "<group>"; };
		41239E9928F840ED00D92C31 /* Base */ = {isa = PBXFileReference; lastKnownFileType = file.storyboard; name = Base; path = Base.lproj/LaunchScreen.storyboard; sourceTree = "<group>"; };
		41239E9B28F840ED00D92C31 /* Info.plist */ = {isa = PBXFileReference; lastKnownFileType = text.plist.xml; path = Info.plist; sourceTree = "<group>"; };
		41239EA028F840EE00D92C31 /* AppNotificaTests.xctest */ = {isa = PBXFileReference; explicitFileType = wrapper.cfbundle; includeInIndex = 0; path = AppNotificaTests.xctest; sourceTree = BUILT_PRODUCTS_DIR; };
		41239EA428F840EE00D92C31 /* AppNotificaTests.swift */ = {isa = PBXFileReference; lastKnownFileType = sourcecode.swift; path = AppNotificaTests.swift; sourceTree = "<group>"; };
		41239EAA28F840EE00D92C31 /* AppNotificaUITests.xctest */ = {isa = PBXFileReference; explicitFileType = wrapper.cfbundle; includeInIndex = 0; path = AppNotificaUITests.xctest; sourceTree = BUILT_PRODUCTS_DIR; };
		41239EAE28F840EE00D92C31 /* AppNotificaUITests.swift */ = {isa = PBXFileReference; lastKnownFileType = sourcecode.swift; path = AppNotificaUITests.swift; sourceTree = "<group>"; };
		41239EB028F840EE00D92C31 /* AppNotificaUITestsLaunchTests.swift */ = {isa = PBXFileReference; lastKnownFileType = sourcecode.swift; path = AppNotificaUITestsLaunchTests.swift; sourceTree = "<group>"; };
		C05CEA292AFE5ED700C12B50 /* LoginView.swift */ = {isa = PBXFileReference; lastKnownFileType = sourcecode.swift; path = LoginView.swift; sourceTree = "<group>"; };
		C05CEA2D2AFE61AF00C12B50 /* LoginViewController.swift */ = {isa = PBXFileReference; lastKnownFileType = sourcecode.swift; path = LoginViewController.swift; sourceTree = "<group>"; };
		C05CEA2F2AFE650200C12B50 /* Coordinator.swift */ = {isa = PBXFileReference; lastKnownFileType = sourcecode.swift; path = Coordinator.swift; sourceTree = "<group>"; };
		C05CEA312AFE658600C12B50 /* LoginCoordinator.swift */ = {isa = PBXFileReference; lastKnownFileType = sourcecode.swift; path = LoginCoordinator.swift; sourceTree = "<group>"; };
		C05CEA352AFE67BD00C12B50 /* logo-launch-screen@2x.png */ = {isa = PBXFileReference; lastKnownFileType = image.png; path = "logo-launch-screen@2x.png"; sourceTree = "<group>"; };
		C0CEA17B2B10D03B000349D3 /* UIColor+.swift */ = {isa = PBXFileReference; lastKnownFileType = sourcecode.swift; path = "UIColor+.swift"; sourceTree = "<group>"; };
		C0CEA17F2B10D06F000349D3 /* LabelDefault.swift */ = {isa = PBXFileReference; lastKnownFileType = sourcecode.swift; path = LabelDefault.swift; sourceTree = "<group>"; };
		C0CEA1812B10D080000349D3 /* TextFieldDefault.swift */ = {isa = PBXFileReference; lastKnownFileType = sourcecode.swift; path = TextFieldDefault.swift; sourceTree = "<group>"; };
		C0CEA1832B10D08C000349D3 /* ButtonDefault.swift */ = {isa = PBXFileReference; lastKnownFileType = sourcecode.swift; path = ButtonDefault.swift; sourceTree = "<group>"; };
		C0CEA1852B10D097000349D3 /* ImageDefault.swift */ = {isa = PBXFileReference; lastKnownFileType = sourcecode.swift; path = ImageDefault.swift; sourceTree = "<group>"; };
		C0CEA1892B10D11B000349D3 /* RegisterView.swift */ = {isa = PBXFileReference; lastKnownFileType = sourcecode.swift; path = RegisterView.swift; sourceTree = "<group>"; };
		C0CEA18B2B10D137000349D3 /* RegisterViewController.swift */ = {isa = PBXFileReference; lastKnownFileType = sourcecode.swift; path = RegisterViewController.swift; sourceTree = "<group>"; };
		C0CEA18D2B10D18F000349D3 /* RegisterCoordinator.swift */ = {isa = PBXFileReference; lastKnownFileType = sourcecode.swift; path = RegisterCoordinator.swift; sourceTree = "<group>"; };
		C0CEA1902B10DD43000349D3 /* HomeView.swift */ = {isa = PBXFileReference; lastKnownFileType = sourcecode.swift; path = HomeView.swift; sourceTree = "<group>"; };
		C0CEA1922B10DD57000349D3 /* HomeViewController.swift */ = {isa = PBXFileReference; lastKnownFileType = sourcecode.swift; path = HomeViewController.swift; sourceTree = "<group>"; };
		C0CEA1942B10DD84000349D3 /* HomeCoordinator.swift */ = {isa = PBXFileReference; lastKnownFileType = sourcecode.swift; path = HomeCoordinator.swift; sourceTree = "<group>"; };
		C0CEA1982B176DBA000349D3 /* ViewControllerDefault.swift */ = {isa = PBXFileReference; lastKnownFileType = sourcecode.swift; path = ViewControllerDefault.swift; sourceTree = "<group>"; };
		C0CEA19A2B177064000349D3 /* ViewDefault.swift */ = {isa = PBXFileReference; lastKnownFileType = sourcecode.swift; path = ViewDefault.swift; sourceTree = "<group>"; };
		C0CEA19F2B177DF6000349D3 /* TabBarController.swift */ = {isa = PBXFileReference; lastKnownFileType = sourcecode.swift; path = TabBarController.swift; sourceTree = "<group>"; };
		C0CEA1A12B177E0D000349D3 /* SobreView.swift */ = {isa = PBXFileReference; lastKnownFileType = sourcecode.swift; path = SobreView.swift; sourceTree = "<group>"; };
		C0CEA1A32B177E20000349D3 /* NovaOcorrenciaView.swift */ = {isa = PBXFileReference; lastKnownFileType = sourcecode.swift; path = NovaOcorrenciaView.swift; sourceTree = "<group>"; };
		C0CEA1A52B177E39000349D3 /* NovaOcorrenciaViewController.swift */ = {isa = PBXFileReference; lastKnownFileType = sourcecode.swift; path = NovaOcorrenciaViewController.swift; sourceTree = "<group>"; };
		C0CEA1A72B177E47000349D3 /* SobreViewController.swift */ = {isa = PBXFileReference; lastKnownFileType = sourcecode.swift; path = SobreViewController.swift; sourceTree = "<group>"; };
		C0CEA1A92B177E5C000349D3 /* TabBarCoordinator.swift */ = {isa = PBXFileReference; lastKnownFileType = sourcecode.swift; path = TabBarCoordinator.swift; sourceTree = "<group>"; };
		C0CEA1AB2B177E68000349D3 /* SobreCoordinator.swift */ = {isa = PBXFileReference; lastKnownFileType = sourcecode.swift; path = SobreCoordinator.swift; sourceTree = "<group>"; };
		C0CEA1AD2B177E7B000349D3 /* NovaOcorrenciaCoordinator.swift */ = {isa = PBXFileReference; lastKnownFileType = sourcecode.swift; path = NovaOcorrenciaCoordinator.swift; sourceTree = "<group>"; };
		C0CEA1AF2B1E12DA000349D3 /* EscolherImagem.swift */ = {isa = PBXFileReference; lastKnownFileType = sourcecode.swift; path = EscolherImagem.swift; sourceTree = "<group>"; };
		C0CEA1B12B20AA5A000349D3 /* HomeViewModel.swift */ = {isa = PBXFileReference; lastKnownFileType = sourcecode.swift; path = HomeViewModel.swift; sourceTree = "<group>"; };
		C0CEA1B32B20AAAB000349D3 /* NovaOcorrenciaViewModel.swift */ = {isa = PBXFileReference; lastKnownFileType = sourcecode.swift; path = NovaOcorrenciaViewModel.swift; sourceTree = "<group>"; };
		C0CEA1F82B2736E1000349D3 /* Ocorrencia.swift */ = {isa = PBXFileReference; lastKnownFileType = sourcecode.swift; path = Ocorrencia.swift; sourceTree = "<group>"; };
		C0CEA1FA2B273F57000349D3 /* DataManager.swift */ = {isa = PBXFileReference; lastKnownFileType = sourcecode.swift; path = DataManager.swift; sourceTree = "<group>"; };
/* End PBXFileReference section */

/* Begin PBXFrameworksBuildPhase section */
		41239E8428F840EA00D92C31 /* Frameworks */ = {
			isa = PBXFrameworksBuildPhase;
			buildActionMask = 2147483647;
			files = (
			);
			runOnlyForDeploymentPostprocessing = 0;
		};
		41239E9D28F840EE00D92C31 /* Frameworks */ = {
			isa = PBXFrameworksBuildPhase;
			buildActionMask = 2147483647;
			files = (
			);
			runOnlyForDeploymentPostprocessing = 0;
		};
		41239EA728F840EE00D92C31 /* Frameworks */ = {
			isa = PBXFrameworksBuildPhase;
			buildActionMask = 2147483647;
			files = (
			);
			runOnlyForDeploymentPostprocessing = 0;
		};
/* End PBXFrameworksBuildPhase section */

/* Begin PBXGroup section */
		41239E7E28F840EA00D92C31 = {
			isa = PBXGroup;
			children = (
				41239E8928F840EA00D92C31 /* AppNotifica */,
				41239EA328F840EE00D92C31 /* AppNotificaTests */,
				41239EAD28F840EE00D92C31 /* AppNotificaUITests */,
				41239E8828F840EA00D92C31 /* Products */,
			);
			sourceTree = "<group>";
		};
		41239E8828F840EA00D92C31 /* Products */ = {
			isa = PBXGroup;
			children = (
				41239E8728F840EA00D92C31 /* AppNotifica.app */,
				41239EA028F840EE00D92C31 /* AppNotificaTests.xctest */,
				41239EAA28F840EE00D92C31 /* AppNotificaUITests.xctest */,
			);
			name = Products;
			sourceTree = "<group>";
		};
		41239E8928F840EA00D92C31 /* AppNotifica */ = {
			isa = PBXGroup;
			children = (
				C05CEA262AFE5CFA00C12B50 /* Source */,
				C05CEA232AFE5BB700C12B50 /* Resource */,
				41239E9B28F840ED00D92C31 /* Info.plist */,
			);
			path = AppNotifica;
			sourceTree = "<group>";
		};
		41239EA328F840EE00D92C31 /* AppNotificaTests */ = {
			isa = PBXGroup;
			children = (
				41239EA428F840EE00D92C31 /* AppNotificaTests.swift */,
			);
			path = AppNotificaTests;
			sourceTree = "<group>";
		};
		41239EAD28F840EE00D92C31 /* AppNotificaUITests */ = {
			isa = PBXGroup;
			children = (
				41239EAE28F840EE00D92C31 /* AppNotificaUITests.swift */,
				41239EB028F840EE00D92C31 /* AppNotificaUITestsLaunchTests.swift */,
			);
			path = AppNotificaUITests;
			sourceTree = "<group>";
		};
		C05CEA232AFE5BB700C12B50 /* Resource */ = {
			isa = PBXGroup;
			children = (
				41239E8E28F840EA00D92C31 /* ViewController.swift */,
				41239E9828F840ED00D92C31 /* LaunchScreen.storyboard */,
				41239E8C28F840EA00D92C31 /* SceneDelegate.swift */,
				41239E9628F840ED00D92C31 /* Assets.xcassets */,
				41239E9328F840EB00D92C31 /* AppNotifica.xcdatamodeld */,
				41239E9028F840EA00D92C31 /* Main.storyboard */,
				41239E8A28F840EA00D92C31 /* AppDelegate.swift */,
				C05CEA352AFE67BD00C12B50 /* logo-launch-screen@2x.png */,
			);
			path = Resource;
			sourceTree = "<group>";
		};
		C05CEA262AFE5CFA00C12B50 /* Source */ = {
			isa = PBXGroup;
			children = (
				C0CEA17E2B10D05B000349D3 /* Infrastructure */,
				C0CEA17D2B10D046000349D3 /* Extesions */,
				C05CEA282AFE5D2A00C12B50 /* Controller */,
				C05CEA272AFE5D0600C12B50 /* Coordinator */,
			);
			path = Source;
			sourceTree = "<group>";
		};
		C05CEA272AFE5D0600C12B50 /* Coordinator */ = {
			isa = PBXGroup;
			children = (
				C05CEA2F2AFE650200C12B50 /* Coordinator.swift */,
				C05CEA312AFE658600C12B50 /* LoginCoordinator.swift */,
				C0CEA1AD2B177E7B000349D3 /* NovaOcorrenciaCoordinator.swift */,
				C0CEA18D2B10D18F000349D3 /* RegisterCoordinator.swift */,
				C0CEA1942B10DD84000349D3 /* HomeCoordinator.swift */,
				C0CEA1A92B177E5C000349D3 /* TabBarCoordinator.swift */,
				C0CEA1AB2B177E68000349D3 /* SobreCoordinator.swift */,
			);
			path = Coordinator;
			sourceTree = "<group>";
		};
		C05CEA282AFE5D2A00C12B50 /* Controller */ = {
			isa = PBXGroup;
			children = (
				C0CEA19E2B177DC8000349D3 /* TabBar */,
				C0CEA19D2B177DC1000349D3 /* Sobre */,
				C0CEA19C2B177DB8000349D3 /* NovaOcorrencia */,
				C0CEA18F2B10DD28000349D3 /* Home */,
				C0CEA1882B10D106000349D3 /* Register */,
				C0CEA1872B10D0E8000349D3 /* Login */,
			);
			path = Controller;
			sourceTree = "<group>";
		};
		C0CEA17D2B10D046000349D3 /* Extesions */ = {
			isa = PBXGroup;
			children = (
				C0CEA17B2B10D03B000349D3 /* UIColor+.swift */,
			);
			path = Extesions;
			sourceTree = "<group>";
		};
		C0CEA17E2B10D05B000349D3 /* Infrastructure */ = {
			isa = PBXGroup;
			children = (
				C0CEA17F2B10D06F000349D3 /* LabelDefault.swift */,
				C0CEA1812B10D080000349D3 /* TextFieldDefault.swift */,
				C0CEA1832B10D08C000349D3 /* ButtonDefault.swift */,
				C0CEA1852B10D097000349D3 /* ImageDefault.swift */,
				C0CEA1FA2B273F57000349D3 /* DataManager.swift */,
				C0CEA1982B176DBA000349D3 /* ViewControllerDefault.swift */,
				C0CEA19A2B177064000349D3 /* ViewDefault.swift */,
			);
			path = Infrastructure;
			sourceTree = "<group>";
		};
		C0CEA1872B10D0E8000349D3 /* Login */ = {
			isa = PBXGroup;
			children = (
				C05CEA292AFE5ED700C12B50 /* LoginView.swift */,
				C05CEA2D2AFE61AF00C12B50 /* LoginViewController.swift */,
			);
			path = Login;
			sourceTree = "<group>";
		};
		C0CEA1882B10D106000349D3 /* Register */ = {
			isa = PBXGroup;
			children = (
				C0CEA1892B10D11B000349D3 /* RegisterView.swift */,
				C0CEA18B2B10D137000349D3 /* RegisterViewController.swift */,
			);
			path = Register;
			sourceTree = "<group>";
		};
		C0CEA18F2B10DD28000349D3 /* Home */ = {
			isa = PBXGroup;
			children = (
				C0CEA1902B10DD43000349D3 /* HomeView.swift */,
				C0CEA1922B10DD57000349D3 /* HomeViewController.swift */,
				C0CEA1B12B20AA5A000349D3 /* HomeViewModel.swift */,
				C0CEA1F82B2736E1000349D3 /* Ocorrencia.swift */,
			);
			path = Home;
			sourceTree = "<group>";
		};
		C0CEA19C2B177DB8000349D3 /* NovaOcorrencia */ = {
			isa = PBXGroup;
			children = (
				C0CEA1A32B177E20000349D3 /* NovaOcorrenciaView.swift */,
				C0CEA1A52B177E39000349D3 /* NovaOcorrenciaViewController.swift */,
				C0CEA1AF2B1E12DA000349D3 /* EscolherImagem.swift */,
				C0CEA1B32B20AAAB000349D3 /* NovaOcorrenciaViewModel.swift */,
			);
			path = NovaOcorrencia;
			sourceTree = "<group>";
		};
		C0CEA19D2B177DC1000349D3 /* Sobre */ = {
			isa = PBXGroup;
			children = (
				C0CEA1A12B177E0D000349D3 /* SobreView.swift */,
				C0CEA1A72B177E47000349D3 /* SobreViewController.swift */,
			);
			path = Sobre;
			sourceTree = "<group>";
		};
		C0CEA19E2B177DC8000349D3 /* TabBar */ = {
			isa = PBXGroup;
			children = (
				C0CEA19F2B177DF6000349D3 /* TabBarController.swift */,
			);
			path = TabBar;
			sourceTree = "<group>";
		};
/* End PBXGroup section */

/* Begin PBXNativeTarget section */
		41239E8628F840EA00D92C31 /* AppNotifica */ = {
			isa = PBXNativeTarget;
			buildConfigurationList = 41239EB428F840EE00D92C31 /* Build configuration list for PBXNativeTarget "AppNotifica" */;
			buildPhases = (
				41239E8328F840EA00D92C31 /* Sources */,
				41239E8428F840EA00D92C31 /* Frameworks */,
				41239E8528F840EA00D92C31 /* Resources */,
			);
			buildRules = (
			);
			dependencies = (
			);
			name = AppNotifica;
			productName = AppNotifica;
			productReference = 41239E8728F840EA00D92C31 /* AppNotifica.app */;
			productType = "com.apple.product-type.application";
		};
		41239E9F28F840EE00D92C31 /* AppNotificaTests */ = {
			isa = PBXNativeTarget;
			buildConfigurationList = 41239EB728F840EE00D92C31 /* Build configuration list for PBXNativeTarget "AppNotificaTests" */;
			buildPhases = (
				41239E9C28F840EE00D92C31 /* Sources */,
				41239E9D28F840EE00D92C31 /* Frameworks */,
				41239E9E28F840EE00D92C31 /* Resources */,
			);
			buildRules = (
			);
			dependencies = (
				41239EA228F840EE00D92C31 /* PBXTargetDependency */,
			);
			name = AppNotificaTests;
			productName = AppNotificaTests;
			productReference = 41239EA028F840EE00D92C31 /* AppNotificaTests.xctest */;
			productType = "com.apple.product-type.bundle.unit-test";
		};
		41239EA928F840EE00D92C31 /* AppNotificaUITests */ = {
			isa = PBXNativeTarget;
			buildConfigurationList = 41239EBA28F840EE00D92C31 /* Build configuration list for PBXNativeTarget "AppNotificaUITests" */;
			buildPhases = (
				41239EA628F840EE00D92C31 /* Sources */,
				41239EA728F840EE00D92C31 /* Frameworks */,
				41239EA828F840EE00D92C31 /* Resources */,
			);
			buildRules = (
			);
			dependencies = (
				41239EAC28F840EE00D92C31 /* PBXTargetDependency */,
			);
			name = AppNotificaUITests;
			productName = AppNotificaUITests;
			productReference = 41239EAA28F840EE00D92C31 /* AppNotificaUITests.xctest */;
			productType = "com.apple.product-type.bundle.ui-testing";
		};
/* End PBXNativeTarget section */

/* Begin PBXProject section */
		41239E7F28F840EA00D92C31 /* Project object */ = {
			isa = PBXProject;
			attributes = {
				BuildIndependentTargetsInParallel = 1;
				LastSwiftUpdateCheck = 1400;
				LastUpgradeCheck = 1400;
				TargetAttributes = {
					41239E8628F840EA00D92C31 = {
						CreatedOnToolsVersion = 14.0.1;
					};
					41239E9F28F840EE00D92C31 = {
						CreatedOnToolsVersion = 14.0.1;
						TestTargetID = 41239E8628F840EA00D92C31;
					};
					41239EA928F840EE00D92C31 = {
						CreatedOnToolsVersion = 14.0.1;
						TestTargetID = 41239E8628F840EA00D92C31;
					};
				};
			};
			buildConfigurationList = 41239E8228F840EA00D92C31 /* Build configuration list for PBXProject "AppNotifica" */;
			compatibilityVersion = "Xcode 14.0";
			developmentRegion = en;
			hasScannedForEncodings = 0;
			knownRegions = (
				en,
				Base,
			);
			mainGroup = 41239E7E28F840EA00D92C31;
			productRefGroup = 41239E8828F840EA00D92C31 /* Products */;
			projectDirPath = "";
			projectRoot = "";
			targets = (
				41239E8628F840EA00D92C31 /* AppNotifica */,
				41239E9F28F840EE00D92C31 /* AppNotificaTests */,
				41239EA928F840EE00D92C31 /* AppNotificaUITests */,
			);
		};
/* End PBXProject section */

/* Begin PBXResourcesBuildPhase section */
		41239E8528F840EA00D92C31 /* Resources */ = {
			isa = PBXResourcesBuildPhase;
			buildActionMask = 2147483647;
			files = (
				41239E9A28F840ED00D92C31 /* LaunchScreen.storyboard in Resources */,
				41239E9728F840ED00D92C31 /* Assets.xcassets in Resources */,
				C05CEA362AFE67BD00C12B50 /* logo-launch-screen@2x.png in Resources */,
				41239E9228F840EA00D92C31 /* Main.storyboard in Resources */,
			);
			runOnlyForDeploymentPostprocessing = 0;
		};
		41239E9E28F840EE00D92C31 /* Resources */ = {
			isa = PBXResourcesBuildPhase;
			buildActionMask = 2147483647;
			files = (
			);
			runOnlyForDeploymentPostprocessing = 0;
		};
		41239EA828F840EE00D92C31 /* Resources */ = {
			isa = PBXResourcesBuildPhase;
			buildActionMask = 2147483647;
			files = (
			);
			runOnlyForDeploymentPostprocessing = 0;
		};
/* End PBXResourcesBuildPhase section */

/* Begin PBXSourcesBuildPhase section */
		41239E8328F840EA00D92C31 /* Sources */ = {
			isa = PBXSourcesBuildPhase;
			buildActionMask = 2147483647;
			files = (
				C0CEA1AC2B177E68000349D3 /* SobreCoordinator.swift in Sources */,
				C0CEA1A62B177E39000349D3 /* NovaOcorrenciaViewController.swift in Sources */,
				C05CEA2E2AFE61AF00C12B50 /* LoginViewController.swift in Sources */,
				41239E8F28F840EA00D92C31 /* ViewController.swift in Sources */,
				C0CEA1A22B177E0D000349D3 /* SobreView.swift in Sources */,
				C0CEA1A02B177DF6000349D3 /* TabBarController.swift in Sources */,
				C0CEA1B02B1E12DA000349D3 /* EscolherImagem.swift in Sources */,
				C0CEA1AA2B177E5C000349D3 /* TabBarCoordinator.swift in Sources */,
				C0CEA1992B176DBA000349D3 /* ViewControllerDefault.swift in Sources */,
				C0CEA1FB2B273F57000349D3 /* DataManager.swift in Sources */,
				41239E8B28F840EA00D92C31 /* AppDelegate.swift in Sources */,
				C0CEA18A2B10D11B000349D3 /* RegisterView.swift in Sources */,
				C0CEA1A42B177E20000349D3 /* NovaOcorrenciaView.swift in Sources */,
				41239E9528F840EB00D92C31 /* AppNotifica.xcdatamodeld in Sources */,
				C0CEA1932B10DD57000349D3 /* HomeViewController.swift in Sources */,
				C0CEA1F92B2736E1000349D3 /* Ocorrencia.swift in Sources */,
				C0CEA1802B10D06F000349D3 /* LabelDefault.swift in Sources */,
				C0CEA18C2B10D137000349D3 /* RegisterViewController.swift in Sources */,
				C05CEA2A2AFE5ED900C12B50 /* LoginView.swift in Sources */,
				41239E8D28F840EA00D92C31 /* SceneDelegate.swift in Sources */,
				C0CEA19B2B177064000349D3 /* ViewDefault.swift in Sources */,
				C0CEA1AE2B177E7B000349D3 /* NovaOcorrenciaCoordinator.swift in Sources */,
				C0CEA1842B10D08C000349D3 /* ButtonDefault.swift in Sources */,
				C0CEA1822B10D080000349D3 /* TextFieldDefault.swift in Sources */,
				C0CEA1A82B177E47000349D3 /* SobreViewController.swift in Sources */,
				C05CEA322AFE658600C12B50 /* LoginCoordinator.swift in Sources */,
				C0CEA1862B10D097000349D3 /* ImageDefault.swift in Sources */,
				C0CEA18E2B10D18F000349D3 /* RegisterCoordinator.swift in Sources */,
				C0CEA1912B10DD43000349D3 /* HomeView.swift in Sources */,
				C05CEA302AFE650200C12B50 /* Coordinator.swift in Sources */,
				C0CEA17C2B10D03B000349D3 /* UIColor+.swift in Sources */,
				C0CEA1B42B20AAAB000349D3 /* NovaOcorrenciaViewModel.swift in Sources */,
				C0CEA1B22B20AA5B000349D3 /* HomeViewModel.swift in Sources */,
				C0CEA1952B10DD84000349D3 /* HomeCoordinator.swift in Sources */,
			);
			runOnlyForDeploymentPostprocessing = 0;
		};
		41239E9C28F840EE00D92C31 /* Sources */ = {
			isa = PBXSourcesBuildPhase;
			buildActionMask = 2147483647;
			files = (
				41239EA528F840EE00D92C31 /* AppNotificaTests.swift in Sources */,
			);
			runOnlyForDeploymentPostprocessing = 0;
		};
		41239EA628F840EE00D92C31 /* Sources */ = {
			isa = PBXSourcesBuildPhase;
			buildActionMask = 2147483647;
			files = (
				41239EAF28F840EE00D92C31 /* AppNotificaUITests.swift in Sources */,
				41239EB128F840EE00D92C31 /* AppNotificaUITestsLaunchTests.swift in Sources */,
			);
			runOnlyForDeploymentPostprocessing = 0;
		};
/* End PBXSourcesBuildPhase section */

/* Begin PBXTargetDependency section */
		41239EA228F840EE00D92C31 /* PBXTargetDependency */ = {
			isa = PBXTargetDependency;
			target = 41239E8628F840EA00D92C31 /* AppNotifica */;
			targetProxy = 41239EA128F840EE00D92C31 /* PBXContainerItemProxy */;
		};
		41239EAC28F840EE00D92C31 /* PBXTargetDependency */ = {
			isa = PBXTargetDependency;
			target = 41239E8628F840EA00D92C31 /* AppNotifica */;
			targetProxy = 41239EAB28F840EE00D92C31 /* PBXContainerItemProxy */;
		};
/* End PBXTargetDependency section */

/* Begin PBXVariantGroup section */
		41239E9028F840EA00D92C31 /* Main.storyboard */ = {
			isa = PBXVariantGroup;
			children = (
				41239E9128F840EA00D92C31 /* Base */,
			);
			name = Main.storyboard;
			sourceTree = "<group>";
		};
		41239E9828F840ED00D92C31 /* LaunchScreen.storyboard */ = {
			isa = PBXVariantGroup;
			children = (
				41239E9928F840ED00D92C31 /* Base */,
			);
			name = LaunchScreen.storyboard;
			sourceTree = "<group>";
		};
/* End PBXVariantGroup section */

/* Begin XCBuildConfiguration section */
		41239EB228F840EE00D92C31 /* Debug */ = {
			isa = XCBuildConfiguration;
			buildSettings = {
				ALWAYS_SEARCH_USER_PATHS = NO;
				CLANG_ANALYZER_NONNULL = YES;
				CLANG_ANALYZER_NUMBER_OBJECT_CONVERSION = YES_AGGRESSIVE;
				CLANG_CXX_LANGUAGE_STANDARD = "gnu++20";
				CLANG_ENABLE_MODULES = YES;
				CLANG_ENABLE_OBJC_ARC = YES;
				CLANG_ENABLE_OBJC_WEAK = YES;
				CLANG_WARN_BLOCK_CAPTURE_AUTORELEASING = YES;
				CLANG_WARN_BOOL_CONVERSION = YES;
				CLANG_WARN_COMMA = YES;
				CLANG_WARN_CONSTANT_CONVERSION = YES;
				CLANG_WARN_DEPRECATED_OBJC_IMPLEMENTATIONS = YES;
				CLANG_WARN_DIRECT_OBJC_ISA_USAGE = YES_ERROR;
				CLANG_WARN_DOCUMENTATION_COMMENTS = YES;
				CLANG_WARN_EMPTY_BODY = YES;
				CLANG_WARN_ENUM_CONVERSION = YES;
				CLANG_WARN_INFINITE_RECURSION = YES;
				CLANG_WARN_INT_CONVERSION = YES;
				CLANG_WARN_NON_LITERAL_NULL_CONVERSION = YES;
				CLANG_WARN_OBJC_IMPLICIT_RETAIN_SELF = YES;
				CLANG_WARN_OBJC_LITERAL_CONVERSION = YES;
				CLANG_WARN_OBJC_ROOT_CLASS = YES_ERROR;
				CLANG_WARN_QUOTED_INCLUDE_IN_FRAMEWORK_HEADER = YES;
				CLANG_WARN_RANGE_LOOP_ANALYSIS = YES;
				CLANG_WARN_STRICT_PROTOTYPES = YES;
				CLANG_WARN_SUSPICIOUS_MOVE = YES;
				CLANG_WARN_UNGUARDED_AVAILABILITY = YES_AGGRESSIVE;
				CLANG_WARN_UNREACHABLE_CODE = YES;
				CLANG_WARN__DUPLICATE_METHOD_MATCH = YES;
				COPY_PHASE_STRIP = NO;
				DEBUG_INFORMATION_FORMAT = dwarf;
				ENABLE_STRICT_OBJC_MSGSEND = YES;
				ENABLE_TESTABILITY = YES;
				GCC_C_LANGUAGE_STANDARD = gnu11;
				GCC_DYNAMIC_NO_PIC = NO;
				GCC_NO_COMMON_BLOCKS = YES;
				GCC_OPTIMIZATION_LEVEL = 0;
				GCC_PREPROCESSOR_DEFINITIONS = (
					"DEBUG=1",
					"$(inherited)",
				);
				GCC_WARN_64_TO_32_BIT_CONVERSION = YES;
				GCC_WARN_ABOUT_RETURN_TYPE = YES_ERROR;
				GCC_WARN_UNDECLARED_SELECTOR = YES;
				GCC_WARN_UNINITIALIZED_AUTOS = YES_AGGRESSIVE;
				GCC_WARN_UNUSED_FUNCTION = YES;
				GCC_WARN_UNUSED_VARIABLE = YES;
				IPHONEOS_DEPLOYMENT_TARGET = 16.0;
				MTL_ENABLE_DEBUG_INFO = INCLUDE_SOURCE;
				MTL_FAST_MATH = YES;
				ONLY_ACTIVE_ARCH = YES;
				SDKROOT = iphoneos;
				SWIFT_ACTIVE_COMPILATION_CONDITIONS = DEBUG;
				SWIFT_OPTIMIZATION_LEVEL = "-Onone";
			};
			name = Debug;
		};
		41239EB328F840EE00D92C31 /* Release */ = {
			isa = XCBuildConfiguration;
			buildSettings = {
				ALWAYS_SEARCH_USER_PATHS = NO;
				CLANG_ANALYZER_NONNULL = YES;
				CLANG_ANALYZER_NUMBER_OBJECT_CONVERSION = YES_AGGRESSIVE;
				CLANG_CXX_LANGUAGE_STANDARD = "gnu++20";
				CLANG_ENABLE_MODULES = YES;
				CLANG_ENABLE_OBJC_ARC = YES;
				CLANG_ENABLE_OBJC_WEAK = YES;
				CLANG_WARN_BLOCK_CAPTURE_AUTORELEASING = YES;
				CLANG_WARN_BOOL_CONVERSION = YES;
				CLANG_WARN_COMMA = YES;
				CLANG_WARN_CONSTANT_CONVERSION = YES;
				CLANG_WARN_DEPRECATED_OBJC_IMPLEMENTATIONS = YES;
				CLANG_WARN_DIRECT_OBJC_ISA_USAGE = YES_ERROR;
				CLANG_WARN_DOCUMENTATION_COMMENTS = YES;
				CLANG_WARN_EMPTY_BODY = YES;
				CLANG_WARN_ENUM_CONVERSION = YES;
				CLANG_WARN_INFINITE_RECURSION = YES;
				CLANG_WARN_INT_CONVERSION = YES;
				CLANG_WARN_NON_LITERAL_NULL_CONVERSION = YES;
				CLANG_WARN_OBJC_IMPLICIT_RETAIN_SELF = YES;
				CLANG_WARN_OBJC_LITERAL_CONVERSION = YES;
				CLANG_WARN_OBJC_ROOT_CLASS = YES_ERROR;
				CLANG_WARN_QUOTED_INCLUDE_IN_FRAMEWORK_HEADER = YES;
				CLANG_WARN_RANGE_LOOP_ANALYSIS = YES;
				CLANG_WARN_STRICT_PROTOTYPES = YES;
				CLANG_WARN_SUSPICIOUS_MOVE = YES;
				CLANG_WARN_UNGUARDED_AVAILABILITY = YES_AGGRESSIVE;
				CLANG_WARN_UNREACHABLE_CODE = YES;
				CLANG_WARN__DUPLICATE_METHOD_MATCH = YES;
				COPY_PHASE_STRIP = NO;
				DEBUG_INFORMATION_FORMAT = "dwarf-with-dsym";
				ENABLE_NS_ASSERTIONS = NO;
				ENABLE_STRICT_OBJC_MSGSEND = YES;
				GCC_C_LANGUAGE_STANDARD = gnu11;
				GCC_NO_COMMON_BLOCKS = YES;
				GCC_WARN_64_TO_32_BIT_CONVERSION = YES;
				GCC_WARN_ABOUT_RETURN_TYPE = YES_ERROR;
				GCC_WARN_UNDECLARED_SELECTOR = YES;
				GCC_WARN_UNINITIALIZED_AUTOS = YES_AGGRESSIVE;
				GCC_WARN_UNUSED_FUNCTION = YES;
				GCC_WARN_UNUSED_VARIABLE = YES;
				IPHONEOS_DEPLOYMENT_TARGET = 16.0;
				MTL_ENABLE_DEBUG_INFO = NO;
				MTL_FAST_MATH = YES;
				SDKROOT = iphoneos;
				SWIFT_COMPILATION_MODE = wholemodule;
				SWIFT_OPTIMIZATION_LEVEL = "-O";
				VALIDATE_PRODUCT = YES;
			};
			name = Release;
		};
		41239EB528F840EE00D92C31 /* Debug */ = {
			isa = XCBuildConfiguration;
			buildSettings = {
				ASSETCATALOG_COMPILER_APPICON_NAME = AppIcon;
				ASSETCATALOG_COMPILER_GLOBAL_ACCENT_COLOR_NAME = AccentColor;
				CODE_SIGN_STYLE = Automatic;
				CURRENT_PROJECT_VERSION = 1;
				DEVELOPMENT_TEAM = 73W8Q3Z5K3;
				GENERATE_INFOPLIST_FILE = YES;
				INFOPLIST_FILE = AppNotifica/Info.plist;
				INFOPLIST_KEY_UIApplicationSupportsIndirectInputEvents = YES;
				INFOPLIST_KEY_UILaunchStoryboardName = LaunchScreen;
				INFOPLIST_KEY_UIMainStoryboardFile = Main;
				INFOPLIST_KEY_UISupportedInterfaceOrientations_iPad = "UIInterfaceOrientationPortrait UIInterfaceOrientationPortraitUpsideDown UIInterfaceOrientationLandscapeLeft UIInterfaceOrientationLandscapeRight";
				INFOPLIST_KEY_UISupportedInterfaceOrientations_iPhone = "UIInterfaceOrientationPortrait UIInterfaceOrientationLandscapeLeft UIInterfaceOrientationLandscapeRight";
				LD_RUNPATH_SEARCH_PATHS = (
					"$(inherited)",
					"@executable_path/Frameworks",
				);
				MARKETING_VERSION = 1.0;
				PRODUCT_BUNDLE_IDENTIFIER = br.edu.ifb.AppNotifica;
				PRODUCT_NAME = "$(TARGET_NAME)";
				SWIFT_EMIT_LOC_STRINGS = YES;
				SWIFT_VERSION = 5.0;
				TARGETED_DEVICE_FAMILY = "1,2";
			};
			name = Debug;
		};
		41239EB628F840EE00D92C31 /* Release */ = {
			isa = XCBuildConfiguration;
			buildSettings = {
				ASSETCATALOG_COMPILER_APPICON_NAME = AppIcon;
				ASSETCATALOG_COMPILER_GLOBAL_ACCENT_COLOR_NAME = AccentColor;
				CODE_SIGN_STYLE = Automatic;
				CURRENT_PROJECT_VERSION = 1;
				DEVELOPMENT_TEAM = 73W8Q3Z5K3;
				GENERATE_INFOPLIST_FILE = YES;
				INFOPLIST_FILE = AppNotifica/Info.plist;
				INFOPLIST_KEY_UIApplicationSupportsIndirectInputEvents = YES;
				INFOPLIST_KEY_UILaunchStoryboardName = LaunchScreen;
				INFOPLIST_KEY_UIMainStoryboardFile = Main;
				INFOPLIST_KEY_UISupportedInterfaceOrientations_iPad = "UIInterfaceOrientationPortrait UIInterfaceOrientationPortraitUpsideDown UIInterfaceOrientationLandscapeLeft UIInterfaceOrientationLandscapeRight";
				INFOPLIST_KEY_UISupportedInterfaceOrientations_iPhone = "UIInterfaceOrientationPortrait UIInterfaceOrientationLandscapeLeft UIInterfaceOrientationLandscapeRight";
				LD_RUNPATH_SEARCH_PATHS = (
					"$(inherited)",
					"@executable_path/Frameworks",
				);
				MARKETING_VERSION = 1.0;
				PRODUCT_BUNDLE_IDENTIFIER = br.edu.ifb.AppNotifica;
				PRODUCT_NAME = "$(TARGET_NAME)";
				SWIFT_EMIT_LOC_STRINGS = YES;
				SWIFT_VERSION = 5.0;
				TARGETED_DEVICE_FAMILY = "1,2";
			};
			name = Release;
		};
		41239EB828F840EE00D92C31 /* Debug */ = {
			isa = XCBuildConfiguration;
			buildSettings = {
				ALWAYS_EMBED_SWIFT_STANDARD_LIBRARIES = YES;
				BUNDLE_LOADER = "$(TEST_HOST)";
				CODE_SIGN_STYLE = Automatic;
				CURRENT_PROJECT_VERSION = 1;
				DEVELOPMENT_TEAM = 73W8Q3Z5K3;
				GENERATE_INFOPLIST_FILE = YES;
				IPHONEOS_DEPLOYMENT_TARGET = 16.0;
				MARKETING_VERSION = 1.0;
				PRODUCT_BUNDLE_IDENTIFIER = br.edu.ifb.AppNotificaTests;
				PRODUCT_NAME = "$(TARGET_NAME)";
				SWIFT_EMIT_LOC_STRINGS = NO;
				SWIFT_VERSION = 5.0;
				TARGETED_DEVICE_FAMILY = "1,2";
				TEST_HOST = "$(BUILT_PRODUCTS_DIR)/AppNotifica.app/$(BUNDLE_EXECUTABLE_FOLDER_PATH)/AppNotifica";
			};
			name = Debug;
		};
		41239EB928F840EE00D92C31 /* Release */ = {
			isa = XCBuildConfiguration;
			buildSettings = {
				ALWAYS_EMBED_SWIFT_STANDARD_LIBRARIES = YES;
				BUNDLE_LOADER = "$(TEST_HOST)";
				CODE_SIGN_STYLE = Automatic;
				CURRENT_PROJECT_VERSION = 1;
				DEVELOPMENT_TEAM = 73W8Q3Z5K3;
				GENERATE_INFOPLIST_FILE = YES;
				IPHONEOS_DEPLOYMENT_TARGET = 16.0;
				MARKETING_VERSION = 1.0;
				PRODUCT_BUNDLE_IDENTIFIER = br.edu.ifb.AppNotificaTests;
				PRODUCT_NAME = "$(TARGET_NAME)";
				SWIFT_EMIT_LOC_STRINGS = NO;
				SWIFT_VERSION = 5.0;
				TARGETED_DEVICE_FAMILY = "1,2";
				TEST_HOST = "$(BUILT_PRODUCTS_DIR)/AppNotifica.app/$(BUNDLE_EXECUTABLE_FOLDER_PATH)/AppNotifica";
			};
			name = Release;
		};
		41239EBB28F840EE00D92C31 /* Debug */ = {
			isa = XCBuildConfiguration;
			buildSettings = {
				ALWAYS_EMBED_SWIFT_STANDARD_LIBRARIES = YES;
				CODE_SIGN_STYLE = Automatic;
				CURRENT_PROJECT_VERSION = 1;
				DEVELOPMENT_TEAM = 73W8Q3Z5K3;
				GENERATE_INFOPLIST_FILE = YES;
				MARKETING_VERSION = 1.0;
				PRODUCT_BUNDLE_IDENTIFIER = br.edu.ifb.AppNotificaUITests;
				PRODUCT_NAME = "$(TARGET_NAME)";
				SWIFT_EMIT_LOC_STRINGS = NO;
				SWIFT_VERSION = 5.0;
				TARGETED_DEVICE_FAMILY = "1,2";
				TEST_TARGET_NAME = AppNotifica;
			};
			name = Debug;
		};
		41239EBC28F840EE00D92C31 /* Release */ = {
			isa = XCBuildConfiguration;
			buildSettings = {
				ALWAYS_EMBED_SWIFT_STANDARD_LIBRARIES = YES;
				CODE_SIGN_STYLE = Automatic;
				CURRENT_PROJECT_VERSION = 1;
				DEVELOPMENT_TEAM = 73W8Q3Z5K3;
				GENERATE_INFOPLIST_FILE = YES;
				MARKETING_VERSION = 1.0;
				PRODUCT_BUNDLE_IDENTIFIER = br.edu.ifb.AppNotificaUITests;
				PRODUCT_NAME = "$(TARGET_NAME)";
				SWIFT_EMIT_LOC_STRINGS = NO;
				SWIFT_VERSION = 5.0;
				TARGETED_DEVICE_FAMILY = "1,2";
				TEST_TARGET_NAME = AppNotifica;
			};
			name = Release;
		};
/* End XCBuildConfiguration section */

/* Begin XCConfigurationList section */
		41239E8228F840EA00D92C31 /* Build configuration list for PBXProject "AppNotifica" */ = {
			isa = XCConfigurationList;
			buildConfigurations = (
				41239EB228F840EE00D92C31 /* Debug */,
				41239EB328F840EE00D92C31 /* Release */,
			);
			defaultConfigurationIsVisible = 0;
			defaultConfigurationName = Release;
		};
		41239EB428F840EE00D92C31 /* Build configuration list for PBXNativeTarget "AppNotifica" */ = {
			isa = XCConfigurationList;
			buildConfigurations = (
				41239EB528F840EE00D92C31 /* Debug */,
				41239EB628F840EE00D92C31 /* Release */,
			);
			defaultConfigurationIsVisible = 0;
			defaultConfigurationName = Release;
		};
		41239EB728F840EE00D92C31 /* Build configuration list for PBXNativeTarget "AppNotificaTests" */ = {
			isa = XCConfigurationList;
			buildConfigurations = (
				41239EB828F840EE00D92C31 /* Debug */,
				41239EB928F840EE00D92C31 /* Release */,
			);
			defaultConfigurationIsVisible = 0;
			defaultConfigurationName = Release;
		};
		41239EBA28F840EE00D92C31 /* Build configuration list for PBXNativeTarget "AppNotificaUITests" */ = {
			isa = XCConfigurationList;
			buildConfigurations = (
				41239EBB28F840EE00D92C31 /* Debug */,
				41239EBC28F840EE00D92C31 /* Release */,
			);
			defaultConfigurationIsVisible = 0;
			defaultConfigurationName = Release;
		};
/* End XCConfigurationList section */

/* Begin XCVersionGroup section */
		41239E9328F840EB00D92C31 /* AppNotifica.xcdatamodeld */ = {
			isa = XCVersionGroup;
			children = (
				41239E9428F840EB00D92C31 /* AppNotifica.xcdatamodel */,
			);
			currentVersion = 41239E9428F840EB00D92C31 /* AppNotifica.xcdatamodel */;
			path = AppNotifica.xcdatamodeld;
			sourceTree = "<group>";
			versionGroupType = wrapper.xcdatamodel;
		};
/* End XCVersionGroup section */
	};
	rootObject = 41239E7F28F840EA00D92C31 /* Project object */;
}
